
Microsoft Visual Studio Solution File, Format Version 12.00
# Visual Studio Version 18
VisualStudioVersion = 18.6.11819.183
MinimumVisualStudioVersion = 10.0.40219.1
Project("{FAE04EC0-301F-11D3-BF4B-00C04F79EFBC}") = "YourLibrary", "YourLibrary.csproj", "{8C6C35A0-0EAC-44EB-A488-824B61CE45A3}"
EndProject
Global
	GlobalSection(SolutionConfigurationPlatforms) = preSolution
		Debug|Any CPU = Debug|Any CPU
		Release|Any CPU = Release|Any CPU
	EndGlobalSection
	GlobalSection(ProjectConfigurationPlatforms) = postSolution
		{8C6C35A0-0EAC-44EB-A488-824B61CE45A3}.Debug|Any CPU.ActiveCfg = Debug|Any CPU
		{8C6C35A0-0EAC-44EB-A488-824B61CE45A3}.Debug|Any CPU.Build.0 = Debug|Any CPU
		{8C6C35A0-0EAC-44EB-A488-824B61CE45A3}.Release|Any CPU.ActiveCfg = Release|Any CPU
		{8C6C35A0-0EAC-44EB-A488-824B61CE45A3}.Release|Any CPU.Build.0 = Release|Any CPU
	EndGlobalSection
	GlobalSection(SolutionProperties) = preSolution
		HideSolutionNode = FALSE
	EndGlobalSection
	GlobalSection(ExtensibilityGlobals) = postSolution
		SolutionGuid = {AE2A31BF-CD97-4F1E-9971-5C20F779A4D1}
	EndGlobalSection
EndGlobal
